
Microsoft Visual Studio Solution File, Format Version 12.00
# Visual Studio 15
VisualStudioVersion = 15.0.26228.9
MinimumVisualStudioVersion = 10.0.40219.1
Project("{2150E333-8FDC-42A3-9474-1A3956D46DE8}") = "Presentation", "Presentation", "{FFBFE11F-D237-4B57-969F-76C7686CCC9B}"
EndProject
Project("{FAE04EC0-301F-11D3-BF4B-00C04F79EFBC}") = "Asp.Web", "Presentation\Asp.Web\Asp.Web.csproj", "{24EE5E81-3C3C-44C9-9296-A1FD0086F959}"
EndProject
Global
	GlobalSection(SolutionConfigurationPlatforms) = preSolution
		Debug|Any CPU = Debug|Any CPU
		Release|Any CPU = Release|Any CPU
	EndGlobalSection
	GlobalSection(ProjectConfigurationPlatforms) = postSolution
		{24EE5E81-3C3C-44C9-9296-A1FD0086F959}.Debug|Any CPU.ActiveCfg = Debug|Any CPU
		{24EE5E81-3C3C-44C9-9296-A1FD0086F959}.Debug|Any CPU.Build.0 = Debug|Any CPU
		{24EE5E81-3C3C-44C9-9296-A1FD0086F959}.Release|Any CPU.ActiveCfg = Release|Any CPU
		{24EE5E81-3C3C-44C9-9296-A1FD0086F959}.Release|Any CPU.Build.0 = Release|Any CPU
	EndGlobalSection
	GlobalSection(SolutionProperties) = preSolution
		HideSolutionNode = FALSE
	EndGlobalSection
	GlobalSection(NestedProjects) = preSolution
		{24EE5E81-3C3C-44C9-9296-A1FD0086F959} = {FFBFE11F-D237-4B57-969F-76C7686CCC9B}
	EndGlobalSection
EndGlobal
